
Microsoft Visual Studio Solution File, Format Version 12.00
# Visual Studio Version 16
VisualStudioVersion = 25.0.1703.8
MinimumVisualStudioVersion = 10.0.40219.1
Project("{FAE04EC0-301F-11D3-BF4B-00C04F79EFBC}") = "Clock", "Clock.csproj", "{CC7B98B9-0BA5-4117-BD29-97F9C8CF8412}"
EndProject
Project("{FAE04EC0-301F-11D3-BF4B-00C04F79EFBC}") = "NUnitTesting", "..\TestClock\NUnitTesting.csproj", "{0AE0DA0B-9A70-422F-B18B-AC93F88476B8}"
EndProject
Global
	GlobalSection(SolutionConfigurationPlatforms) = preSolution
		Debug|Any CPU = Debug|Any CPU
		Release|Any CPU = Release|Any CPU
	EndGlobalSection
	GlobalSection(ProjectConfigurationPlatforms) = postSolution
		{CC7B98B9-0BA5-4117-BD29-97F9C8CF8412}.Debug|Any CPU.ActiveCfg = Debug|Any CPU
		{CC7B98B9-0BA5-4117-BD29-97F9C8CF8412}.Debug|Any CPU.Build.0 = Debug|Any CPU
		{CC7B98B9-0BA5-4117-BD29-97F9C8CF8412}.Release|Any CPU.ActiveCfg = Release|Any CPU
		{CC7B98B9-0BA5-4117-BD29-97F9C8CF8412}.Release|Any CPU.Build.0 = Release|Any CPU
		{0AE0DA0B-9A70-422F-B18B-AC93F88476B8}.Debug|Any CPU.ActiveCfg = Debug|Any CPU
		{0AE0DA0B-9A70-422F-B18B-AC93F88476B8}.Debug|Any CPU.Build.0 = Debug|Any CPU
		{0AE0DA0B-9A70-422F-B18B-AC93F88476B8}.Release|Any CPU.ActiveCfg = Release|Any CPU
		{0AE0DA0B-9A70-422F-B18B-AC93F88476B8}.Release|Any CPU.Build.0 = Release|Any CPU
	EndGlobalSection
	GlobalSection(SolutionProperties) = preSolution
		HideSolutionNode = FALSE
	EndGlobalSection
	GlobalSection(ExtensibilityGlobals) = postSolution
		SolutionGuid = {F1CF812F-DB33-4692-BC50-D258B3E532A1}
	EndGlobalSection
EndGlobal
