
Microsoft Visual Studio Solution File, Format Version 12.00
# Visual Studio Version 16
VisualStudioVersion = 25.0.1705.0
MinimumVisualStudioVersion = 10.0.40219.1
Project("{FAE04EC0-301F-11D3-BF4B-00C04F79EFBC}") = "2.2P", "2.2P.csproj", "{538FED72-41BF-4BCA-9B0D-0C1297C24CDC}"
EndProject
Global
	GlobalSection(SolutionConfigurationPlatforms) = preSolution
		Debug|Any CPU = Debug|Any CPU
		Release|Any CPU = Release|Any CPU
	EndGlobalSection
	GlobalSection(ProjectConfigurationPlatforms) = postSolution
		{538FED72-41BF-4BCA-9B0D-0C1297C24CDC}.Debug|Any CPU.ActiveCfg = Debug|Any CPU
		{538FED72-41BF-4BCA-9B0D-0C1297C24CDC}.Debug|Any CPU.Build.0 = Debug|Any CPU
		{538FED72-41BF-4BCA-9B0D-0C1297C24CDC}.Release|Any CPU.ActiveCfg = Release|Any CPU
		{538FED72-41BF-4BCA-9B0D-0C1297C24CDC}.Release|Any CPU.Build.0 = Release|Any CPU
	EndGlobalSection
	GlobalSection(SolutionProperties) = preSolution
		HideSolutionNode = FALSE
	EndGlobalSection
	GlobalSection(ExtensibilityGlobals) = postSolution
		SolutionGuid = {F633F38D-25A8-4B4C-8953-B1E9B110119E}
	EndGlobalSection
EndGlobal
